
Microsoft Visual Studio Solution File, Format Version 12.00
# Visual Studio Version 17
VisualStudioVersion = 17.0.31314.256
MinimumVisualStudioVersion = 10.0.40219.1
Project("{2150E333-8FDC-42A3-9474-1A3956D46DE8}") = "Engine", "Engine", "{233774A8-CC9D-3FA9-86D1-90573E92B704}"
EndProject
Project("{2150E333-8FDC-42A3-9474-1A3956D46DE8}") = "Games", "Games", "{DE1F8B53-6C02-3C13-9101-A7C8D96F3FF6}"
EndProject
Project("{8BC9CEB8-8B4A-11D0-8D11-00A0C91BC942}") = "UE5", "Intermediate\ProjectFiles\UE5.vcxproj", "{354EA9A8-2E9D-3E27-B01E-BF9907663C1E}"
EndProject
Project("{8BC9CEB8-8B4A-11D0-8D11-00A0C91BC942}") = "BobAndAlice_5_2", "Intermediate\ProjectFiles\BobAndAlice_5_2.vcxproj", "{030D1323-F4DF-31D6-BE98-2DDAF9C646B4}"
EndProject
Project("{2150E333-8FDC-42A3-9474-1A3956D46DE8}") = "Visualizers", "Visualizers", "{1CCEC849-CC72-4C59-8C36-2F7C38706D4C}"
	ProjectSection(SolutionItems) = preProject
		..\..\..\..\..\..\Program Files\Epic Games\UE_5.2\Engine\Extras\VisualStudioDebugging\Unreal.natvis = ..\..\..\..\..\..\Program Files\Epic Games\UE_5.2\Engine\Extras\VisualStudioDebugging\Unreal.natvis
	EndProjectSection
EndProject
Global
	GlobalSection(SolutionConfigurationPlatforms) = preSolution
		DebugGame Editor|Win64 = DebugGame Editor|Win64
		DebugGame|Win64 = DebugGame|Win64
		Development Editor|Win64 = Development Editor|Win64
		Development|Win64 = Development|Win64
		Shipping|Win64 = Shipping|Win64
	EndGlobalSection
	# UnrealVS Section
	GlobalSection(ddbf523f-7eb6-4887-bd51-85a714ff87eb) = preSolution
		AvailablePlatforms=Win64
	EndGlobalSection
	GlobalSection(ProjectConfigurationPlatforms) = postSolution
		{354EA9A8-2E9D-3E27-B01E-BF9907663C1E}.DebugGame Editor|Win64.ActiveCfg = BuiltWithUnrealBuildTool|Win64
		{354EA9A8-2E9D-3E27-B01E-BF9907663C1E}.DebugGame|Win64.ActiveCfg = BuiltWithUnrealBuildTool|Win64
		{354EA9A8-2E9D-3E27-B01E-BF9907663C1E}.Development Editor|Win64.ActiveCfg = BuiltWithUnrealBuildTool|Win64
		{354EA9A8-2E9D-3E27-B01E-BF9907663C1E}.Development|Win64.ActiveCfg = BuiltWithUnrealBuildTool|Win64
		{354EA9A8-2E9D-3E27-B01E-BF9907663C1E}.Shipping|Win64.ActiveCfg = BuiltWithUnrealBuildTool|Win64
		{030D1323-F4DF-31D6-BE98-2DDAF9C646B4}.DebugGame Editor|Win64.ActiveCfg = DebugGame_Editor|x64
		{030D1323-F4DF-31D6-BE98-2DDAF9C646B4}.DebugGame Editor|Win64.Build.0 = DebugGame_Editor|x64
		{030D1323-F4DF-31D6-BE98-2DDAF9C646B4}.DebugGame|Win64.ActiveCfg = DebugGame|x64
		{030D1323-F4DF-31D6-BE98-2DDAF9C646B4}.DebugGame|Win64.Build.0 = DebugGame|x64
		{030D1323-F4DF-31D6-BE98-2DDAF9C646B4}.Development Editor|Win64.ActiveCfg = Development_Editor|x64
		{030D1323-F4DF-31D6-BE98-2DDAF9C646B4}.Development Editor|Win64.Build.0 = Development_Editor|x64
		{030D1323-F4DF-31D6-BE98-2DDAF9C646B4}.Development|Win64.ActiveCfg = Development|x64
		{030D1323-F4DF-31D6-BE98-2DDAF9C646B4}.Development|Win64.Build.0 = Development|x64
		{030D1323-F4DF-31D6-BE98-2DDAF9C646B4}.Shipping|Win64.ActiveCfg = Shipping|x64
		{030D1323-F4DF-31D6-BE98-2DDAF9C646B4}.Shipping|Win64.Build.0 = Shipping|x64
	EndGlobalSection
	GlobalSection(SolutionProperties) = preSolution
		HideSolutionNode = FALSE
	EndGlobalSection
	GlobalSection(NestedProjects) = preSolution
		{354EA9A8-2E9D-3E27-B01E-BF9907663C1E} = {233774A8-CC9D-3FA9-86D1-90573E92B704}
		{030D1323-F4DF-31D6-BE98-2DDAF9C646B4} = {DE1F8B53-6C02-3C13-9101-A7C8D96F3FF6}
	EndGlobalSection
EndGlobal
